
Microsoft Visual Studio Solution File, Format Version 12.00
# Visual Studio Version 18
VisualStudioVersion = 18.1.11304.174 d18.0
MinimumVisualStudioVersion = 10.0.40219.1
Project("{FAE04EC0-301F-11D3-BF4B-00C04F79EFBC}") = "ProdPixel", "ProdPixel.csproj", "{785E1A73-55F4-D18C-277A-D8AE17290685}"
EndProject
Global
	GlobalSection(SolutionConfigurationPlatforms) = preSolution
		Debug|Any CPU = Debug|Any CPU
		Release|Any CPU = Release|Any CPU
	EndGlobalSection
	GlobalSection(ProjectConfigurationPlatforms) = postSolution
		{785E1A73-55F4-D18C-277A-D8AE17290685}.Debug|Any CPU.ActiveCfg = Debug|Any CPU
		{785E1A73-55F4-D18C-277A-D8AE17290685}.Debug|Any CPU.Build.0 = Debug|Any CPU
		{785E1A73-55F4-D18C-277A-D8AE17290685}.Release|Any CPU.ActiveCfg = Release|Any CPU
		{785E1A73-55F4-D18C-277A-D8AE17290685}.Release|Any CPU.Build.0 = Release|Any CPU
	EndGlobalSection
	GlobalSection(SolutionProperties) = preSolution
		HideSolutionNode = FALSE
	EndGlobalSection
	GlobalSection(ExtensibilityGlobals) = postSolution
		SolutionGuid = {0A93270B-43A3-4DAE-9F01-FB87A56D079F}
	EndGlobalSection
EndGlobal
